
Microsoft Visual Studio Solution File, Format Version 12.00
# Visual Studio Version 17
VisualStudioVersion = 17.1.32407.343
MinimumVisualStudioVersion = 10.0.40219.1
Project("{8BC9CEB8-8B4A-11D0-8D11-00A0C91BC942}") = "vector3D", "vector3D.vcxproj", "{5FE75B65-A956-4FCF-9305-DE9984FA9C65}"
EndProject
Project("{8BC9CEB8-8B4A-11D0-8D11-00A0C91BC942}") = "CVector3D_tests", "..\CVector3D_tests\CVector3D_tests.vcxproj", "{E5FFED60-18A8-49D2-8DC5-92351A736E7E}"
EndProject
Global
	GlobalSection(SolutionConfigurationPlatforms) = preSolution
		Debug|x64 = Debug|x64
		Debug|x86 = Debug|x86
		Release|x64 = Release|x64
		Release|x86 = Release|x86
	EndGlobalSection
	GlobalSection(ProjectConfigurationPlatforms) = postSolution
		{5FE75B65-A956-4FCF-9305-DE9984FA9C65}.Debug|x64.ActiveCfg = Debug|x64
		{5FE75B65-A956-4FCF-9305-DE9984FA9C65}.Debug|x64.Build.0 = Debug|x64
		{5FE75B65-A956-4FCF-9305-DE9984FA9C65}.Debug|x86.ActiveCfg = Debug|Win32
		{5FE75B65-A956-4FCF-9305-DE9984FA9C65}.Debug|x86.Build.0 = Debug|Win32
		{5FE75B65-A956-4FCF-9305-DE9984FA9C65}.Release|x64.ActiveCfg = Release|x64
		{5FE75B65-A956-4FCF-9305-DE9984FA9C65}.Release|x64.Build.0 = Release|x64
		{5FE75B65-A956-4FCF-9305-DE9984FA9C65}.Release|x86.ActiveCfg = Release|Win32
		{5FE75B65-A956-4FCF-9305-DE9984FA9C65}.Release|x86.Build.0 = Release|Win32
		{E5FFED60-18A8-49D2-8DC5-92351A736E7E}.Debug|x64.ActiveCfg = Debug|x64
		{E5FFED60-18A8-49D2-8DC5-92351A736E7E}.Debug|x64.Build.0 = Debug|x64
		{E5FFED60-18A8-49D2-8DC5-92351A736E7E}.Debug|x86.ActiveCfg = Debug|Win32
		{E5FFED60-18A8-49D2-8DC5-92351A736E7E}.Debug|x86.Build.0 = Debug|Win32
		{E5FFED60-18A8-49D2-8DC5-92351A736E7E}.Release|x64.ActiveCfg = Release|x64
		{E5FFED60-18A8-49D2-8DC5-92351A736E7E}.Release|x64.Build.0 = Release|x64
		{E5FFED60-18A8-49D2-8DC5-92351A736E7E}.Release|x86.ActiveCfg = Release|Win32
		{E5FFED60-18A8-49D2-8DC5-92351A736E7E}.Release|x86.Build.0 = Release|Win32
	EndGlobalSection
	GlobalSection(SolutionProperties) = preSolution
		HideSolutionNode = FALSE
	EndGlobalSection
	GlobalSection(ExtensibilityGlobals) = postSolution
		SolutionGuid = {2420AAD8-5B58-441E-9C4A-D239F901C572}
	EndGlobalSection
EndGlobal
